
Microsoft Visual Studio Solution File, Format Version 12.00
Project("{2150E333-8FDC-42A3-9474-1A3956D46DE8}") = "SomeWhereCinema.Core", "SomeWhereCinema.Core", "{9EE9B5B6-7907-4CA0-BB0A-5C4650014F47}"
EndProject
Project("{FAE04EC0-301F-11D3-BF4B-00C04F79EFBC}") = "SomeWhereCinema.Core", "SomeWhereCinema.Core\SomeWhereCinema.Core.csproj", "{45B5A2A2-6AE2-4CED-9C7A-3E47B6A4EE85}"
EndProject
Project("{2150E333-8FDC-42A3-9474-1A3956D46DE8}") = "SomeWhereCinema.Test", "SomeWhereCinema.Test", "{36EEE299-8D5B-402A-83E6-056BC501B35F}"
EndProject
Project("{FAE04EC0-301F-11D3-BF4B-00C04F79EFBC}") = "SomeWhereCinema.UnitTest", "SomeWhereCinema.UnitTest\SomeWhereCinema.UnitTest.csproj", "{2A0EEA2E-1E12-4982-AAFE-0469417BC5EB}"
EndProject
Project("{FAE04EC0-301F-11D3-BF4B-00C04F79EFBC}") = "SomeWhereCinema.Application", "SomeWhereCinema.Application\SomeWhereCinema.Application\SomeWhereCinema.Application.csproj", "{CD8C0278-526B-41A1-8C09-97DCF8E355E0}"
EndProject
Project("{2150E333-8FDC-42A3-9474-1A3956D46DE8}") = "SomeWhereCinema.Infrastructure", "SomeWhereCinema.Infrastructure", "{DCD446A2-4200-4F49-811B-A1BAC5C2C510}"
EndProject
Project("{2150E333-8FDC-42A3-9474-1A3956D46DE8}") = "SomeWhereCinema.Application", "SomeWhereCinema.Application", "{44A2F0D2-CA9A-41AC-81BF-C45008F6A6BD}"
EndProject
Project("{FAE04EC0-301F-11D3-BF4B-00C04F79EFBC}") = "SomeWhereCinema.DataAccess", "SomeWhereCinema.DataAccess\SomeWhereCinema.DataAccess.csproj", "{ED0B7966-E3AF-42C5-AC3B-BE56F986CB08}"
EndProject
Project("{2150E333-8FDC-42A3-9474-1A3956D46DE8}") = "SomeWhereCinema.DataAccess", "SomeWhereCinema.DataAccess", "{F76E93C8-8CD2-469E-A53A-19BD43B336CD}"
EndProject
Project("{2150E333-8FDC-42A3-9474-1A3956D46DE8}") = "SomeWhereCinema.Persentation", "SomeWhereCinema.Persentation", "{40CF2DC7-BC6A-402D-8E36-15B6AF392601}"
EndProject
Project("{FAE04EC0-301F-11D3-BF4B-00C04F79EFBC}") = "SomeWhereCinema.WebApi", "SomeWhereCinema.WebApi\SomeWhereCinema.WebApi.csproj", "{B98DCB62-3C88-4F31-81F0-2B6DB3D7C1FA}"
EndProject
Global
	GlobalSection(SolutionConfigurationPlatforms) = preSolution
		Debug|Any CPU = Debug|Any CPU
		Release|Any CPU = Release|Any CPU
	EndGlobalSection
	GlobalSection(NestedProjects) = preSolution
		{45B5A2A2-6AE2-4CED-9C7A-3E47B6A4EE85} = {9EE9B5B6-7907-4CA0-BB0A-5C4650014F47}
		{2A0EEA2E-1E12-4982-AAFE-0469417BC5EB} = {36EEE299-8D5B-402A-83E6-056BC501B35F}
		{CD8C0278-526B-41A1-8C09-97DCF8E355E0} = {44A2F0D2-CA9A-41AC-81BF-C45008F6A6BD}
		{F76E93C8-8CD2-469E-A53A-19BD43B336CD} = {DCD446A2-4200-4F49-811B-A1BAC5C2C510}
		{ED0B7966-E3AF-42C5-AC3B-BE56F986CB08} = {F76E93C8-8CD2-469E-A53A-19BD43B336CD}
		{40CF2DC7-BC6A-402D-8E36-15B6AF392601} = {DCD446A2-4200-4F49-811B-A1BAC5C2C510}
		{B98DCB62-3C88-4F31-81F0-2B6DB3D7C1FA} = {40CF2DC7-BC6A-402D-8E36-15B6AF392601}
	EndGlobalSection
	GlobalSection(ProjectConfigurationPlatforms) = postSolution
		{45B5A2A2-6AE2-4CED-9C7A-3E47B6A4EE85}.Debug|Any CPU.ActiveCfg = Debug|Any CPU
		{45B5A2A2-6AE2-4CED-9C7A-3E47B6A4EE85}.Debug|Any CPU.Build.0 = Debug|Any CPU
		{45B5A2A2-6AE2-4CED-9C7A-3E47B6A4EE85}.Release|Any CPU.ActiveCfg = Release|Any CPU
		{45B5A2A2-6AE2-4CED-9C7A-3E47B6A4EE85}.Release|Any CPU.Build.0 = Release|Any CPU
		{2A0EEA2E-1E12-4982-AAFE-0469417BC5EB}.Debug|Any CPU.ActiveCfg = Debug|Any CPU
		{2A0EEA2E-1E12-4982-AAFE-0469417BC5EB}.Debug|Any CPU.Build.0 = Debug|Any CPU
		{2A0EEA2E-1E12-4982-AAFE-0469417BC5EB}.Release|Any CPU.ActiveCfg = Release|Any CPU
		{2A0EEA2E-1E12-4982-AAFE-0469417BC5EB}.Release|Any CPU.Build.0 = Release|Any CPU
		{CD8C0278-526B-41A1-8C09-97DCF8E355E0}.Debug|Any CPU.ActiveCfg = Debug|Any CPU
		{CD8C0278-526B-41A1-8C09-97DCF8E355E0}.Debug|Any CPU.Build.0 = Debug|Any CPU
		{CD8C0278-526B-41A1-8C09-97DCF8E355E0}.Release|Any CPU.ActiveCfg = Release|Any CPU
		{CD8C0278-526B-41A1-8C09-97DCF8E355E0}.Release|Any CPU.Build.0 = Release|Any CPU
		{ED0B7966-E3AF-42C5-AC3B-BE56F986CB08}.Debug|Any CPU.ActiveCfg = Debug|Any CPU
		{ED0B7966-E3AF-42C5-AC3B-BE56F986CB08}.Debug|Any CPU.Build.0 = Debug|Any CPU
		{ED0B7966-E3AF-42C5-AC3B-BE56F986CB08}.Release|Any CPU.ActiveCfg = Release|Any CPU
		{ED0B7966-E3AF-42C5-AC3B-BE56F986CB08}.Release|Any CPU.Build.0 = Release|Any CPU
		{B98DCB62-3C88-4F31-81F0-2B6DB3D7C1FA}.Debug|Any CPU.ActiveCfg = Debug|Any CPU
		{B98DCB62-3C88-4F31-81F0-2B6DB3D7C1FA}.Debug|Any CPU.Build.0 = Debug|Any CPU
		{B98DCB62-3C88-4F31-81F0-2B6DB3D7C1FA}.Release|Any CPU.ActiveCfg = Release|Any CPU
		{B98DCB62-3C88-4F31-81F0-2B6DB3D7C1FA}.Release|Any CPU.Build.0 = Release|Any CPU
	EndGlobalSection
EndGlobal
