
Microsoft Visual Studio Solution File, Format Version 12.00
Project("{2150E333-8FDC-42A3-9474-1A3956D46DE8}") = "SomeWhereCinema.Core", "SomeWhereCinema.Core", "{9EE9B5B6-7907-4CA0-BB0A-5C4650014F47}"
EndProject
Project("{FAE04EC0-301F-11D3-BF4B-00C04F79EFBC}") = "Domain.Model", "Domain.Model\Domain.Model.csproj", "{45B5A2A2-6AE2-4CED-9C7A-3E47B6A4EE85}"
EndProject
Project("{2150E333-8FDC-42A3-9474-1A3956D46DE8}") = "SomeWhereCinema.Test", "SomeWhereCinema.Test", "{36EEE299-8D5B-402A-83E6-056BC501B35F}"
EndProject
Project("{FAE04EC0-301F-11D3-BF4B-00C04F79EFBC}") = "SomeWhereCinema.UnitTest", "SomeWhereCinema.UnitTest\SomeWhereCinema.UnitTest.csproj", "{2A0EEA2E-1E12-4982-AAFE-0469417BC5EB}"
EndProject
Global
	GlobalSection(SolutionConfigurationPlatforms) = preSolution
		Debug|Any CPU = Debug|Any CPU
		Release|Any CPU = Release|Any CPU
	EndGlobalSection
	GlobalSection(NestedProjects) = preSolution
		{45B5A2A2-6AE2-4CED-9C7A-3E47B6A4EE85} = {9EE9B5B6-7907-4CA0-BB0A-5C4650014F47}
		{2A0EEA2E-1E12-4982-AAFE-0469417BC5EB} = {36EEE299-8D5B-402A-83E6-056BC501B35F}
	EndGlobalSection
	GlobalSection(ProjectConfigurationPlatforms) = postSolution
		{45B5A2A2-6AE2-4CED-9C7A-3E47B6A4EE85}.Debug|Any CPU.ActiveCfg = Debug|Any CPU
		{45B5A2A2-6AE2-4CED-9C7A-3E47B6A4EE85}.Debug|Any CPU.Build.0 = Debug|Any CPU
		{45B5A2A2-6AE2-4CED-9C7A-3E47B6A4EE85}.Release|Any CPU.ActiveCfg = Release|Any CPU
		{45B5A2A2-6AE2-4CED-9C7A-3E47B6A4EE85}.Release|Any CPU.Build.0 = Release|Any CPU
		{2A0EEA2E-1E12-4982-AAFE-0469417BC5EB}.Debug|Any CPU.ActiveCfg = Debug|Any CPU
		{2A0EEA2E-1E12-4982-AAFE-0469417BC5EB}.Debug|Any CPU.Build.0 = Debug|Any CPU
		{2A0EEA2E-1E12-4982-AAFE-0469417BC5EB}.Release|Any CPU.ActiveCfg = Release|Any CPU
		{2A0EEA2E-1E12-4982-AAFE-0469417BC5EB}.Release|Any CPU.Build.0 = Release|Any CPU
	EndGlobalSection
EndGlobal
